// !$*UTF8*$!
{
	archiveVersion = 1;
	classes = {
	};
	objectVersion = 50;
	objects = {

/* Begin PBXBuildFile section */
		FAAE0FF5252544B9006135C1 /* AppDelegate.swift in Sources */ = {isa = PBXBuildFile; fileRef = FAAE0FF4252544B9006135C1 /* AppDelegate.swift */; };
		FAAE0FF7252544B9006135C1 /* SceneDelegate.swift in Sources */ = {isa = PBXBuildFile; fileRef = FAAE0FF6252544B9006135C1 /* SceneDelegate.swift */; };
		FAAE0FF9252544B9006135C1 /* ContentView.swift in Sources */ = {isa = PBXBuildFile; fileRef = FAAE0FF8252544B9006135C1 /* ContentView.swift */; };
		FAAE0FFB252544BC006135C1 /* Assets.xcassets in Resources */ = {isa = PBXBuildFile; fileRef = FAAE0FFA252544BC006135C1 /* Assets.xcassets */; };
		FAAE0FFE252544BC006135C1 /* Preview Assets.xcassets in Resources */ = {isa = PBXBuildFile; fileRef = FAAE0FFD252544BC006135C1 /* Preview Assets.xcassets */; };
		FAAE1001252544BC006135C1 /* LaunchScreen.storyboard in Resources */ = {isa = PBXBuildFile; fileRef = FAAE0FFF252544BC006135C1 /* LaunchScreen.storyboard */; };
		FAAE1009252544D9006135C1 /* Heart.swift in Sources */ = {isa = PBXBuildFile; fileRef = FAAE1008252544D9006135C1 /* Heart.swift */; };
/* End PBXBuildFile section */

/* Begin PBXFileReference section */
		FAAE0FF1252544B9006135C1 /* TikTokHeart.app */ = {isa = PBXFileReference; explicitFileType = wrapper.application; includeInIndex = 0; path = TikTokHeart.app; sourceTree = BUILT_PRODUCTS_DIR; };
		FAAE0FF4252544B9006135C1 /* AppDelegate.swift */ = {isa = PBXFileReference; lastKnownFileType = sourcecode.swift; path = AppDelegate.swift; sourceTree = "<group>"; };
		FAAE0FF6252544B9006135C1 /* SceneDelegate.swift */ = {isa = PBXFileReference; lastKnownFileType = sourcecode.swift; path = SceneDelegate.swift; sourceTree = "<group>"; };
		FAAE0FF8252544B9006135C1 /* ContentView.swift */ = {isa = PBXFileReference; lastKnownFileType = sourcecode.swift; path = ContentView.swift; sourceTree = "<group>"; };
		FAAE0FFA252544BC006135C1 /* Assets.xcassets */ = {isa = PBXFileReference; lastKnownFileType = folder.assetcatalog; path = Assets.xcassets; sourceTree = "<group>"; };
		FAAE0FFD252544BC006135C1 /* Preview Assets.xcassets */ = {isa = PBXFileReference; lastKnownFileType = folder.assetcatalog; path = "Preview Assets.xcassets"; sourceTree = "<group>"; };
		FAAE1000252544BC006135C1 /* Base */ = {isa = PBXFileReference; lastKnownFileType = file.storyboard; name = Base; path = Base.lproj/LaunchScreen.storyboard; sourceTree = "<group>"; };
		FAAE1002252544BC006135C1 /* Info.plist */ = {isa = PBXFileReference; lastKnownFileType = text.plist.xml; path = Info.plist; sourceTree = "<group>"; };
		FAAE1008252544D9006135C1 /* Heart.swift */ = {isa = PBXFileReference; lastKnownFileType = sourcecode.swift; path = Heart.swift; sourceTree = "<group>"; };
/* End PBXFileReference section */

/* Begin PBXFrameworksBuildPhase section */
		FAAE0FEE252544B9006135C1 /* Frameworks */ = {
			isa = PBXFrameworksBuildPhase;
			buildActionMask = 2147483647;
			files = (
			);
			runOnlyForDeploymentPostprocessing = 0;
		};
/* End PBXFrameworksBuildPhase section */

/* Begin PBXGroup section */
		FAAE0FE8252544B9006135C1 = {
			isa = PBXGroup;
			children = (
				FAAE0FF3252544B9006135C1 /* TikTokHeart */,
				FAAE0FF2252544B9006135C1 /* Products */,
			);
			sourceTree = "<group>";
		};
		FAAE0FF2252544B9006135C1 /* Products */ = {
			isa = PBXGroup;
			children = (
				FAAE0FF1252544B9006135C1 /* TikTokHeart.app */,
			);
			name = Products;
			sourceTree = "<group>";
		};
		FAAE0FF3252544B9006135C1 /* TikTokHeart */ = {
			isa = PBXGroup;
			children = (
				FAAE1008252544D9006135C1 /* Heart.swift */,
				FAAE0FF4252544B9006135C1 /* AppDelegate.swift */,
				FAAE0FF6252544B9006135C1 /* SceneDelegate.swift */,
				FAAE0FF8252544B9006135C1 /* ContentView.swift */,
				FAAE0FFA252544BC006135C1 /* Assets.xcassets */,
				FAAE0FFF252544BC006135C1 /* LaunchScreen.storyboard */,
				FAAE1002252544BC006135C1 /* Info.plist */,
				FAAE0FFC252544BC006135C1 /* Preview Content */,
			);
			path = TikTokHeart;
			sourceTree = "<group>";
		};
		FAAE0FFC252544BC006135C1 /* Preview Content */ = {
			isa = PBXGroup;
			children = (
				FAAE0FFD252544BC006135C1 /* Preview Assets.xcassets */,
			);
			path = "Preview Content";
			sourceTree = "<group>";
		};
/* End PBXGroup section */

/* Begin PBXNativeTarget section */
		FAAE0FF0252544B9006135C1 /* TikTokHeart */ = {
			isa = PBXNativeTarget;
			buildConfigurationList = FAAE1005252544BC006135C1 /* Build configuration list for PBXNativeTarget "TikTokHeart" */;
			buildPhases = (
				FAAE0FED252544B9006135C1 /* Sources */,
				FAAE0FEE252544B9006135C1 /* Frameworks */,
				FAAE0FEF252544B9006135C1 /* Resources */,
			);
			buildRules = (
			);
			dependencies = (
			);
			name = TikTokHeart;
			productName = TikTokHeart;
			productReference = FAAE0FF1252544B9006135C1 /* TikTokHeart.app */;
			productType = "com.apple.product-type.application";
		};
/* End PBXNativeTarget section */

/* Begin PBXProject section */
		FAAE0FE9252544B9006135C1 /* Project object */ = {
			isa = PBXProject;
			attributes = {
				LastSwiftUpdateCheck = 1170;
				LastUpgradeCheck = 1170;
				ORGANIZATIONNAME = john;
				TargetAttributes = {
					FAAE0FF0252544B9006135C1 = {
						CreatedOnToolsVersion = 11.7;
					};
				};
			};
			buildConfigurationList = FAAE0FEC252544B9006135C1 /* Build configuration list for PBXProject "TikTokHeart" */;
			compatibilityVersion = "Xcode 9.3";
			developmentRegion = en;
			hasScannedForEncodings = 0;
			knownRegions = (
				en,
				Base,
			);
			mainGroup = FAAE0FE8252544B9006135C1;
			productRefGroup = FAAE0FF2252544B9006135C1 /* Products */;
			projectDirPath = "";
			projectRoot = "";
			targets = (
				FAAE0FF0252544B9006135C1 /* TikTokHeart */,
			);
		};
/* End PBXProject section */

/* Begin PBXResourcesBuildPhase section */
		FAAE0FEF252544B9006135C1 /* Resources */ = {
			isa = PBXResourcesBuildPhase;
			buildActionMask = 2147483647;
			files = (
				FAAE1001252544BC006135C1 /* LaunchScreen.storyboard in Resources */,
				FAAE0FFE252544BC006135C1 /* Preview Assets.xcassets in Resources */,
				FAAE0FFB252544BC006135C1 /* Assets.xcassets in Resources */,
			);
			runOnlyForDeploymentPostprocessing = 0;
		};
/* End PBXResourcesBuildPhase section */

/* Begin PBXSourcesBuildPhase section */
		FAAE0FED252544B9006135C1 /* Sources */ = {
			isa = PBXSourcesBuildPhase;
			buildActionMask = 2147483647;
			files = (
				FAAE0FF5252544B9006135C1 /* AppDelegate.swift in Sources */,
				FAAE0FF7252544B9006135C1 /* SceneDelegate.swift in Sources */,
				FAAE1009252544D9006135C1 /* Heart.swift in Sources */,
				FAAE0FF9252544B9006135C1 /* ContentView.swift in Sources */,
			);
			runOnlyForDeploymentPostprocessing = 0;
		};
/* End PBXSourcesBuildPhase section */

/* Begin PBXVariantGroup section */
		FAAE0FFF252544BC006135C1 /* LaunchScreen.storyboard */ = {
			isa = PBXVariantGroup;
			children = (
				FAAE1000252544BC006135C1 /* Base */,
			);
			name = LaunchScreen.storyboard;
			sourceTree = "<group>";
		};
/* End PBXVariantGroup section */

/* Begin XCBuildConfiguration section */
		FAAE1003252544BC006135C1 /* Debug */ = {
			isa = XCBuildConfiguration;
			buildSettings = {
				ALWAYS_SEARCH_USER_PATHS = NO;
				CLANG_ANALYZER_NONNULL = YES;
				CLANG_ANALYZER_NUMBER_OBJECT_CONVERSION = YES_AGGRESSIVE;
				CLANG_CXX_LANGUAGE_STANDARD = "gnu++14";
				CLANG_CXX_LIBRARY = "libc++";
				CLANG_ENABLE_MODULES = YES;
				CLANG_ENABLE_OBJC_ARC = YES;
				CLANG_ENABLE_OBJC_WEAK = YES;
				CLANG_WARN_BLOCK_CAPTURE_AUTORELEASING = YES;
				CLANG_WARN_BOOL_CONVERSION = YES;
				CLANG_WARN_COMMA = YES;
				CLANG_WARN_CONSTANT_CONVERSION = YES;
				CLANG_WARN_DEPRECATED_OBJC_IMPLEMENTATIONS = YES;
				CLANG_WARN_DIRECT_OBJC_ISA_USAGE = YES_ERROR;
				CLANG_WARN_DOCUMENTATION_COMMENTS = YES;
				CLANG_WARN_EMPTY_BODY = YES;
				CLANG_WARN_ENUM_CONVERSION = YES;
				CLANG_WARN_INFINITE_RECURSION = YES;
				CLANG_WARN_INT_CONVERSION = YES;
				CLANG_WARN_NON_LITERAL_NULL_CONVERSION = YES;
				CLANG_WARN_OBJC_IMPLICIT_RETAIN_SELF = YES;
				CLANG_WARN_OBJC_LITERAL_CONVERSION = YES;
				CLANG_WARN_OBJC_ROOT_CLASS = YES_ERROR;
				CLANG_WARN_RANGE_LOOP_ANALYSIS = YES;
				CLANG_WARN_STRICT_PROTOTYPES = YES;
				CLANG_WARN_SUSPICIOUS_MOVE = YES;
				CLANG_WARN_UNGUARDED_AVAILABILITY = YES_AGGRESSIVE;
				CLANG_WARN_UNREACHABLE_CODE = YES;
				CLANG_WARN__DUPLICATE_METHOD_MATCH = YES;
				COPY_PHASE_STRIP = NO;
				DEBUG_INFORMATION_FORMAT = dwarf;
				ENABLE_STRICT_OBJC_MSGSEND = YES;
				ENABLE_TESTABILITY = YES;
				GCC_C_LANGUAGE_STANDARD = gnu11;
				GCC_DYNAMIC_NO_PIC = NO;
				GCC_NO_COMMON_BLOCKS = YES;
				GCC_OPTIMIZATION_LEVEL = 0;
				GCC_PREPROCESSOR_DEFINITIONS = (
					"DEBUG=1",
					"$(inherited)",
				);
				GCC_WARN_64_TO_32_BIT_CONVERSION = YES;
				GCC_WARN_ABOUT_RETURN_TYPE = YES_ERROR;
				GCC_WARN_UNDECLARED_SELECTOR = YES;
				GCC_WARN_UNINITIALIZED_AUTOS = YES_AGGRESSIVE;
				GCC_WARN_UNUSED_FUNCTION = YES;
				GCC_WARN_UNUSED_VARIABLE = YES;
				IPHONEOS_DEPLOYMENT_TARGET = 13.7;
				MTL_ENABLE_DEBUG_INFO = INCLUDE_SOURCE;
				MTL_FAST_MATH = YES;
				ONLY_ACTIVE_ARCH = YES;
				SDKROOT = iphoneos;
				SWIFT_ACTIVE_COMPILATION_CONDITIONS = DEBUG;
				SWIFT_OPTIMIZATION_LEVEL = "-Onone";
			};
			name = Debug;
		};
		FAAE1004252544BC006135C1 /* Release */ = {
			isa = XCBuildConfiguration;
			buildSettings = {
				ALWAYS_SEARCH_USER_PATHS = NO;
				CLANG_ANALYZER_NONNULL = YES;
				CLANG_ANALYZER_NUMBER_OBJECT_CONVERSION = YES_AGGRESSIVE;
				CLANG_CXX_LANGUAGE_STANDARD = "gnu++14";
				CLANG_CXX_LIBRARY = "libc++";
				CLANG_ENABLE_MODULES = YES;
				CLANG_ENABLE_OBJC_ARC = YES;
				CLANG_ENABLE_OBJC_WEAK = YES;
				CLANG_WARN_BLOCK_CAPTURE_AUTORELEASING = YES;
				CLANG_WARN_BOOL_CONVERSION = YES;
				CLANG_WARN_COMMA = YES;
				CLANG_WARN_CONSTANT_CONVERSION = YES;
				CLANG_WARN_DEPRECATED_OBJC_IMPLEMENTATIONS = YES;
				CLANG_WARN_DIRECT_OBJC_ISA_USAGE = YES_ERROR;
				CLANG_WARN_DOCUMENTATION_COMMENTS = YES;
				CLANG_WARN_EMPTY_BODY = YES;
				CLANG_WARN_ENUM_CONVERSION = YES;
				CLANG_WARN_INFINITE_RECURSION = YES;
				CLANG_WARN_INT_CONVERSION = YES;
				CLANG_WARN_NON_LITERAL_NULL_CONVERSION = YES;
				CLANG_WARN_OBJC_IMPLICIT_RETAIN_SELF = YES;
				CLANG_WARN_OBJC_LITERAL_CONVERSION = YES;
				CLANG_WARN_OBJC_ROOT_CLASS = YES_ERROR;
				CLANG_WARN_RANGE_LOOP_ANALYSIS = YES;
				CLANG_WARN_STRICT_PROTOTYPES = YES;
				CLANG_WARN_SUSPICIOUS_MOVE = YES;
				CLANG_WARN_UNGUARDED_AVAILABILITY = YES_AGGRESSIVE;
				CLANG_WARN_UNREACHABLE_CODE = YES;
				CLANG_WARN__DUPLICATE_METHOD_MATCH = YES;
				COPY_PHASE_STRIP = NO;
				DEBUG_INFORMATION_FORMAT = "dwarf-with-dsym";
				ENABLE_NS_ASSERTIONS = NO;
				ENABLE_STRICT_OBJC_MSGSEND = YES;
				GCC_C_LANGUAGE_STANDARD = gnu11;
				GCC_NO_COMMON_BLOCKS = YES;
				GCC_WARN_64_TO_32_BIT_CONVERSION = YES;
				GCC_WARN_ABOUT_RETURN_TYPE = YES_ERROR;
				GCC_WARN_UNDECLARED_SELECTOR = YES;
				GCC_WARN_UNINITIALIZED_AUTOS = YES_AGGRESSIVE;
				GCC_WARN_UNUSED_FUNCTION = YES;
				GCC_WARN_UNUSED_VARIABLE = YES;
				IPHONEOS_DEPLOYMENT_TARGET = 13.7;
				MTL_ENABLE_DEBUG_INFO = NO;
				MTL_FAST_MATH = YES;
				SDKROOT = iphoneos;
				SWIFT_COMPILATION_MODE = wholemodule;
				SWIFT_OPTIMIZATION_LEVEL = "-O";
				VALIDATE_PRODUCT = YES;
			};
			name = Release;
		};
		FAAE1006252544BC006135C1 /* Debug */ = {
			isa = XCBuildConfiguration;
			buildSettings = {
				ASSETCATALOG_COMPILER_APPICON_NAME = AppIcon;
				CODE_SIGN_STYLE = Automatic;
				DEVELOPMENT_ASSET_PATHS = "\"TikTokHeart/Preview Content\"";
				ENABLE_PREVIEWS = YES;
				INFOPLIST_FILE = TikTokHeart/Info.plist;
				LD_RUNPATH_SEARCH_PATHS = (
					"$(inherited)",
					"@executable_path/Frameworks",
				);
				PRODUCT_BUNDLE_IDENTIFIER = com.john.TikTokHeart;
				PRODUCT_NAME = "$(TARGET_NAME)";
				SWIFT_VERSION = 5.0;
				TARGETED_DEVICE_FAMILY = "1,2";
			};
			name = Debug;
		};
		FAAE1007252544BC006135C1 /* Release */ = {
			isa = XCBuildConfiguration;
			buildSettings = {
				ASSETCATALOG_COMPILER_APPICON_NAME = AppIcon;
				CODE_SIGN_STYLE = Automatic;
				DEVELOPMENT_ASSET_PATHS = "\"TikTokHeart/Preview Content\"";
				ENABLE_PREVIEWS = YES;
				INFOPLIST_FILE = TikTokHeart/Info.plist;
				LD_RUNPATH_SEARCH_PATHS = (
					"$(inherited)",
					"@executable_path/Frameworks",
				);
				PRODUCT_BUNDLE_IDENTIFIER = com.john.TikTokHeart;
				PRODUCT_NAME = "$(TARGET_NAME)";
				SWIFT_VERSION = 5.0;
				TARGETED_DEVICE_FAMILY = "1,2";
			};
			name = Release;
		};
/* End XCBuildConfiguration section */

/* Begin XCConfigurationList section */
		FAAE0FEC252544B9006135C1 /* Build configuration list for PBXProject "TikTokHeart" */ = {
			isa = XCConfigurationList;
			buildConfigurations = (
				FAAE1003252544BC006135C1 /* Debug */,
				FAAE1004252544BC006135C1 /* Release */,
			);
			defaultConfigurationIsVisible = 0;
			defaultConfigurationName = Release;
		};
		FAAE1005252544BC006135C1 /* Build configuration list for PBXNativeTarget "TikTokHeart" */ = {
			isa = XCConfigurationList;
			buildConfigurations = (
				FAAE1006252544BC006135C1 /* Debug */,
				FAAE1007252544BC006135C1 /* Release */,
			);
			defaultConfigurationIsVisible = 0;
			defaultConfigurationName = Release;
		};
/* End XCConfigurationList section */
	};
	rootObject = FAAE0FE9252544B9006135C1 /* Project object */;
}
